// !$*UTF8*$!
{
	archiveVersion = 1;
	classes = {
	};
	objectVersion = 51;
	objects = {

/* Begin PBXBuildFile section */
		864738EC25FBA50C00D7CDC6 /* chatroomSettingViewController.swift in Sources */ = {isa = PBXBuildFile; fileRef = 864738EB25FBA50C00D7CDC6 /* chatroomSettingViewController.swift */; };
		864738F025FC5C7400D7CDC6 /* Group.swift in Sources */ = {isa = PBXBuildFile; fileRef = 864738EF25FC5C7400D7CDC6 /* Group.swift */; };
		8654906625E0D697006C8354 /* ChatInputAccessoryView.xib in Resources */ = {isa = PBXBuildFile; fileRef = 8654906525E0D697006C8354 /* ChatInputAccessoryView.xib */; };
		8654906925E0D84D006C8354 /* ChatInputAccessory.swift in Sources */ = {isa = PBXBuildFile; fileRef = 8654906825E0D84D006C8354 /* ChatInputAccessory.swift */; };
		8654906D25E22B6D006C8354 /* GoogleService-Info.plist in Resources */ = {isa = PBXBuildFile; fileRef = 8654906C25E22B6D006C8354 /* GoogleService-Info.plist */; };
		865490D025E23298006C8354 /* SingUp.storyboard in Resources */ = {isa = PBXBuildFile; fileRef = 865490CF25E23298006C8354 /* SingUp.storyboard */; };
		865490D325E2360F006C8354 /* SingUpViewController.swift in Sources */ = {isa = PBXBuildFile; fileRef = 865490D225E2360F006C8354 /* SingUpViewController.swift */; };
		865490DC25E36F47006C8354 /* Const.swift in Sources */ = {isa = PBXBuildFile; fileRef = 865490DB25E36F47006C8354 /* Const.swift */; };
		865490DF25E3B5A7006C8354 /* User.swift in Sources */ = {isa = PBXBuildFile; fileRef = 865490DE25E3B5A7006C8354 /* User.swift */; };
		8654915E25E4138C006C8354 /* Chatroom.swift in Sources */ = {isa = PBXBuildFile; fileRef = 8654915D25E4138C006C8354 /* Chatroom.swift */; };
		8654916125E5FB21006C8354 /* Login.storyboard in Resources */ = {isa = PBXBuildFile; fileRef = 8654916025E5FB21006C8354 /* Login.storyboard */; };
		8654916425E5FCF6006C8354 /* LoginViewController.swift in Sources */ = {isa = PBXBuildFile; fileRef = 8654916325E5FCF6006C8354 /* LoginViewController.swift */; };
		865491D425E75E9A006C8354 /* MorningTableViewCell.swift in Sources */ = {isa = PBXBuildFile; fileRef = 865491D225E75E9A006C8354 /* MorningTableViewCell.swift */; };
		865491D525E75E9A006C8354 /* MorningTableViewCell.xib in Resources */ = {isa = PBXBuildFile; fileRef = 865491D325E75E9A006C8354 /* MorningTableViewCell.xib */; };
		86A2AA6125F5E64300646C80 /* MorningChuckViewController.swift in Sources */ = {isa = PBXBuildFile; fileRef = 86A2AA6025F5E64300646C80 /* MorningChuckViewController.swift */; };
		86A2AA6425F5E69800646C80 /* MorningChuck.storyboard in Resources */ = {isa = PBXBuildFile; fileRef = 86A2AA6325F5E69800646C80 /* MorningChuck.storyboard */; };
		86C9DF1425F9141B00E58895 /* SettingViewController.swift in Sources */ = {isa = PBXBuildFile; fileRef = 86C9DF1325F9141B00E58895 /* SettingViewController.swift */; };
		86C9DF1725F9144800E58895 /* Setting.storyboard in Resources */ = {isa = PBXBuildFile; fileRef = 86C9DF1625F9144800E58895 /* Setting.storyboard */; };
		86DEF49E25ED2C770051DB7A /* menuViewController.swift in Sources */ = {isa = PBXBuildFile; fileRef = 86DEF49D25ED2C770051DB7A /* menuViewController.swift */; };
		86DEF4A825EE3AA20051DB7A /* menuMemberTableViewCell.swift in Sources */ = {isa = PBXBuildFile; fileRef = 86DEF4A625EE3AA20051DB7A /* menuMemberTableViewCell.swift */; };
		86DEF4A925EE3AA30051DB7A /* menuMemberTableViewCell.xib in Resources */ = {isa = PBXBuildFile; fileRef = 86DEF4A725EE3AA20051DB7A /* menuMemberTableViewCell.xib */; };
		86DEF4C125EF82200051DB7A /* RecordViewController.swift in Sources */ = {isa = PBXBuildFile; fileRef = 86DEF4C025EF82200051DB7A /* RecordViewController.swift */; };
		86DEF4C425EF82670051DB7A /* Record.storyboard in Resources */ = {isa = PBXBuildFile; fileRef = 86DEF4C325EF82670051DB7A /* Record.storyboard */; };
		86F924D325DF6CC800A91DEB /* AppDelegate.swift in Sources */ = {isa = PBXBuildFile; fileRef = 86F924D225DF6CC800A91DEB /* AppDelegate.swift */; };
		86F924D525DF6CC800A91DEB /* SceneDelegate.swift in Sources */ = {isa = PBXBuildFile; fileRef = 86F924D425DF6CC800A91DEB /* SceneDelegate.swift */; };
		86F924D725DF6CC800A91DEB /* HomeViewController.swift in Sources */ = {isa = PBXBuildFile; fileRef = 86F924D625DF6CC800A91DEB /* HomeViewController.swift */; };
		86F924DC25DF6CC900A91DEB /* Assets.xcassets in Resources */ = {isa = PBXBuildFile; fileRef = 86F924DB25DF6CC900A91DEB /* Assets.xcassets */; };
		86F924DF25DF6CC900A91DEB /* LaunchScreen.storyboard in Resources */ = {isa = PBXBuildFile; fileRef = 86F924DD25DF6CC900A91DEB /* LaunchScreen.storyboard */; };
		86F924F125DF755D00A91DEB /* Home.storyboard in Resources */ = {isa = PBXBuildFile; fileRef = 86F924F025DF755D00A91DEB /* Home.storyboard */; };
		86F9250325DF82BA00A91DEB /* HomeTableViewCell.xib in Resources */ = {isa = PBXBuildFile; fileRef = 86F9250225DF82BA00A91DEB /* HomeTableViewCell.xib */; };
		86F9250625DF845D00A91DEB /* HomeTableViewCell.swift in Sources */ = {isa = PBXBuildFile; fileRef = 86F9250525DF845D00A91DEB /* HomeTableViewCell.swift */; };
		86F9250B25DF8A4400A91DEB /* UIColer-Extention.swift in Sources */ = {isa = PBXBuildFile; fileRef = 86F9250A25DF8A4400A91DEB /* UIColer-Extention.swift */; };
		E01C5F34F0F7A129A4A9310D /* Pods_MorningApp.framework in Frameworks */ = {isa = PBXBuildFile; fileRef = 724C37C5510A6D0309D6546F /* Pods_MorningApp.framework */; };
/* End PBXBuildFile section */

/* Begin PBXFileReference section */
		724C37C5510A6D0309D6546F /* Pods_MorningApp.framework */ = {isa = PBXFileReference; explicitFileType = wrapper.framework; includeInIndex = 0; path = Pods_MorningApp.framework; sourceTree = BUILT_PRODUCTS_DIR; };
		864738EB25FBA50C00D7CDC6 /* chatroomSettingViewController.swift */ = {isa = PBXFileReference; lastKnownFileType = sourcecode.swift; path = chatroomSettingViewController.swift; sourceTree = "<group>"; };
		864738EF25FC5C7400D7CDC6 /* Group.swift */ = {isa = PBXFileReference; lastKnownFileType = sourcecode.swift; path = Group.swift; sourceTree = "<group>"; };
		8654906525E0D697006C8354 /* ChatInputAccessoryView.xib */ = {isa = PBXFileReference; lastKnownFileType = file.xib; path = ChatInputAccessoryView.xib; sourceTree = "<group>"; };
		8654906825E0D84D006C8354 /* ChatInputAccessory.swift */ = {isa = PBXFileReference; lastKnownFileType = sourcecode.swift; path = ChatInputAccessory.swift; sourceTree = "<group>"; };
		8654906C25E22B6D006C8354 /* GoogleService-Info.plist */ = {isa = PBXFileReference; fileEncoding = 4; lastKnownFileType = text.plist.xml; path = "GoogleService-Info.plist"; sourceTree = "<group>"; };
		865490CF25E23298006C8354 /* SingUp.storyboard */ = {isa = PBXFileReference; lastKnownFileType = file.storyboard; path = SingUp.storyboard; sourceTree = "<group>"; };
		865490D225E2360F006C8354 /* SingUpViewController.swift */ = {isa = PBXFileReference; lastKnownFileType = sourcecode.swift; path = SingUpViewController.swift; sourceTree = "<group>"; };
		865490DB25E36F47006C8354 /* Const.swift */ = {isa = PBXFileReference; lastKnownFileType = sourcecode.swift; path = Const.swift; sourceTree = "<group>"; };
		865490DE25E3B5A7006C8354 /* User.swift */ = {isa = PBXFileReference; lastKnownFileType = sourcecode.swift; path = User.swift; sourceTree = "<group>"; };
		8654915D25E4138C006C8354 /* Chatroom.swift */ = {isa = PBXFileReference; lastKnownFileType = sourcecode.swift; path = Chatroom.swift; sourceTree = "<group>"; };
		8654916025E5FB21006C8354 /* Login.storyboard */ = {isa = PBXFileReference; lastKnownFileType = file.storyboard; path = Login.storyboard; sourceTree = "<group>"; };
		8654916325E5FCF6006C8354 /* LoginViewController.swift */ = {isa = PBXFileReference; lastKnownFileType = sourcecode.swift; path = LoginViewController.swift; sourceTree = "<group>"; };
		865491D225E75E9A006C8354 /* MorningTableViewCell.swift */ = {isa = PBXFileReference; lastKnownFileType = sourcecode.swift; path = MorningTableViewCell.swift; sourceTree = "<group>"; };
		865491D325E75E9A006C8354 /* MorningTableViewCell.xib */ = {isa = PBXFileReference; lastKnownFileType = file.xib; path = MorningTableViewCell.xib; sourceTree = "<group>"; };
		86A2AA6025F5E64300646C80 /* MorningChuckViewController.swift */ = {isa = PBXFileReference; lastKnownFileType = sourcecode.swift; path = MorningChuckViewController.swift; sourceTree = "<group>"; };
		86A2AA6325F5E69800646C80 /* MorningChuck.storyboard */ = {isa = PBXFileReference; lastKnownFileType = file.storyboard; path = MorningChuck.storyboard; sourceTree = "<group>"; };
		86C9DF1325F9141B00E58895 /* SettingViewController.swift */ = {isa = PBXFileReference; lastKnownFileType = sourcecode.swift; path = SettingViewController.swift; sourceTree = "<group>"; };
		86C9DF1625F9144800E58895 /* Setting.storyboard */ = {isa = PBXFileReference; lastKnownFileType = file.storyboard; path = Setting.storyboard; sourceTree = "<group>"; };
		86DEF49D25ED2C770051DB7A /* menuViewController.swift */ = {isa = PBXFileReference; lastKnownFileType = sourcecode.swift; path = menuViewController.swift; sourceTree = "<group>"; };
		86DEF4A625EE3AA20051DB7A /* menuMemberTableViewCell.swift */ = {isa = PBXFileReference; lastKnownFileType = sourcecode.swift; path = menuMemberTableViewCell.swift; sourceTree = "<group>"; };
		86DEF4A725EE3AA20051DB7A /* menuMemberTableViewCell.xib */ = {isa = PBXFileReference; lastKnownFileType = file.xib; path = menuMemberTableViewCell.xib; sourceTree = "<group>"; };
		86DEF4C025EF82200051DB7A /* RecordViewController.swift */ = {isa = PBXFileReference; lastKnownFileType = sourcecode.swift; path = RecordViewController.swift; sourceTree = "<group>"; };
		86DEF4C325EF82670051DB7A /* Record.storyboard */ = {isa = PBXFileReference; lastKnownFileType = file.storyboard; path = Record.storyboard; sourceTree = "<group>"; };
		86F924CF25DF6CC800A91DEB /* MorningApp.app */ = {isa = PBXFileReference; explicitFileType = wrapper.application; includeInIndex = 0; path = MorningApp.app; sourceTree = BUILT_PRODUCTS_DIR; };
		86F924D225DF6CC800A91DEB /* AppDelegate.swift */ = {isa = PBXFileReference; lastKnownFileType = sourcecode.swift; path = AppDelegate.swift; sourceTree = "<group>"; };
		86F924D425DF6CC800A91DEB /* SceneDelegate.swift */ = {isa = PBXFileReference; lastKnownFileType = sourcecode.swift; path = SceneDelegate.swift; sourceTree = "<group>"; };
		86F924D625DF6CC800A91DEB /* HomeViewController.swift */ = {isa = PBXFileReference; lastKnownFileType = sourcecode.swift; path = HomeViewController.swift; sourceTree = "<group>"; };
		86F924DB25DF6CC900A91DEB /* Assets.xcassets */ = {isa = PBXFileReference; lastKnownFileType = folder.assetcatalog; path = Assets.xcassets; sourceTree = "<group>"; };
		86F924DE25DF6CC900A91DEB /* Base */ = {isa = PBXFileReference; lastKnownFileType = file.storyboard; name = Base; path = Base.lproj/LaunchScreen.storyboard; sourceTree = "<group>"; };
		86F924E025DF6CC900A91DEB /* Info.plist */ = {isa = PBXFileReference; lastKnownFileType = text.plist.xml; path = Info.plist; sourceTree = "<group>"; };
		86F924F025DF755D00A91DEB /* Home.storyboard */ = {isa = PBXFileReference; lastKnownFileType = file.storyboard; path = Home.storyboard; sourceTree = "<group>"; };
		86F9250225DF82BA00A91DEB /* HomeTableViewCell.xib */ = {isa = PBXFileReference; lastKnownFileType = file.xib; path = HomeTableViewCell.xib; sourceTree = "<group>"; };
		86F9250525DF845D00A91DEB /* HomeTableViewCell.swift */ = {isa = PBXFileReference; lastKnownFileType = sourcecode.swift; path = HomeTableViewCell.swift; sourceTree = "<group>"; };
		86F9250A25DF8A4400A91DEB /* UIColer-Extention.swift */ = {isa = PBXFileReference; lastKnownFileType = sourcecode.swift; path = "UIColer-Extention.swift"; sourceTree = "<group>"; };
		8C4223F71264CD87E2F4F2F2 /* Pods-MorningApp.release.xcconfig */ = {isa = PBXFileReference; includeInIndex = 1; lastKnownFileType = text.xcconfig; name = "Pods-MorningApp.release.xcconfig"; path = "Target Support Files/Pods-MorningApp/Pods-MorningApp.release.xcconfig"; sourceTree = "<group>"; };
		FBADA61F4CCB647718D7324D /* Pods-MorningApp.debug.xcconfig */ = {isa = PBXFileReference; includeInIndex = 1; lastKnownFileType = text.xcconfig; name = "Pods-MorningApp.debug.xcconfig"; path = "Target Support Files/Pods-MorningApp/Pods-MorningApp.debug.xcconfig"; sourceTree = "<group>"; };
/* End PBXFileReference section */

/* Begin PBXFrameworksBuildPhase section */
		86F924CC25DF6CC800A91DEB /* Frameworks */ = {
			isa = PBXFrameworksBuildPhase;
			buildActionMask = 2147483647;
			files = (
				E01C5F34F0F7A129A4A9310D /* Pods_MorningApp.framework in Frameworks */,
			);
			runOnlyForDeploymentPostprocessing = 0;
		};
/* End PBXFrameworksBuildPhase section */

/* Begin PBXGroup section */
		3959EC3E1BBCF6DBB399E480 /* Frameworks */ = {
			isa = PBXGroup;
			children = (
				724C37C5510A6D0309D6546F /* Pods_MorningApp.framework */,
			);
			name = Frameworks;
			sourceTree = "<group>";
		};
		43206A005AEFCA112A1FCC3F /* Pods */ = {
			isa = PBXGroup;
			children = (
				FBADA61F4CCB647718D7324D /* Pods-MorningApp.debug.xcconfig */,
				8C4223F71264CD87E2F4F2F2 /* Pods-MorningApp.release.xcconfig */,
			);
			path = Pods;
			sourceTree = "<group>";
		};
		8654906225E0D5BC006C8354 /* Xibs */ = {
			isa = PBXGroup;
			children = (
				86F9250225DF82BA00A91DEB /* HomeTableViewCell.xib */,
				8654906525E0D697006C8354 /* ChatInputAccessoryView.xib */,
				865491D325E75E9A006C8354 /* MorningTableViewCell.xib */,
				86DEF4A725EE3AA20051DB7A /* menuMemberTableViewCell.xib */,
			);
			path = Xibs;
			sourceTree = "<group>";
		};
		8654906325E0D5EF006C8354 /* Views */ = {
			isa = PBXGroup;
			children = (
				86DEF4A625EE3AA20051DB7A /* menuMemberTableViewCell.swift */,
				865491D225E75E9A006C8354 /* MorningTableViewCell.swift */,
				86F9250525DF845D00A91DEB /* HomeTableViewCell.swift */,
				8654906825E0D84D006C8354 /* ChatInputAccessory.swift */,
			);
			path = Views;
			sourceTree = "<group>";
		};
		8654906425E0D60D006C8354 /* Extention */ = {
			isa = PBXGroup;
			children = (
				86F9250A25DF8A4400A91DEB /* UIColer-Extention.swift */,
			);
			path = Extention;
			sourceTree = "<group>";
		};
		865490D525E36F20006C8354 /* Model */ = {
			isa = PBXGroup;
			children = (
				865490DB25E36F47006C8354 /* Const.swift */,
				865490DE25E3B5A7006C8354 /* User.swift */,
				8654915D25E4138C006C8354 /* Chatroom.swift */,
				864738EF25FC5C7400D7CDC6 /* Group.swift */,
			);
			path = Model;
			sourceTree = "<group>";
		};
		86F924C625DF6CC800A91DEB = {
			isa = PBXGroup;
			children = (
				86F924D125DF6CC800A91DEB /* MorningApp */,
				86F924D025DF6CC800A91DEB /* Products */,
				43206A005AEFCA112A1FCC3F /* Pods */,
				3959EC3E1BBCF6DBB399E480 /* Frameworks */,
			);
			sourceTree = "<group>";
		};
		86F924D025DF6CC800A91DEB /* Products */ = {
			isa = PBXGroup;
			children = (
				86F924CF25DF6CC800A91DEB /* MorningApp.app */,
			);
			name = Products;
			sourceTree = "<group>";
		};
		86F924D125DF6CC800A91DEB /* MorningApp */ = {
			isa = PBXGroup;
			children = (
				865490D525E36F20006C8354 /* Model */,
				86F924FF25DF7C3D00A91DEB /* Storyboard */,
				8654906225E0D5BC006C8354 /* Xibs */,
				86F924FE25DF7C0A00A91DEB /* Controller */,
				8654906325E0D5EF006C8354 /* Views */,
				8654906425E0D60D006C8354 /* Extention */,
				86F924D425DF6CC800A91DEB /* SceneDelegate.swift */,
				86F924D225DF6CC800A91DEB /* AppDelegate.swift */,
				86F924DB25DF6CC900A91DEB /* Assets.xcassets */,
				86F924DD25DF6CC900A91DEB /* LaunchScreen.storyboard */,
				8654906C25E22B6D006C8354 /* GoogleService-Info.plist */,
				86F924E025DF6CC900A91DEB /* Info.plist */,
			);
			path = MorningApp;
			sourceTree = "<group>";
		};
		86F924FE25DF7C0A00A91DEB /* Controller */ = {
			isa = PBXGroup;
			children = (
				86F924D625DF6CC800A91DEB /* HomeViewController.swift */,
				86A2AA6025F5E64300646C80 /* MorningChuckViewController.swift */,
				86DEF49D25ED2C770051DB7A /* menuViewController.swift */,
				86DEF4C025EF82200051DB7A /* RecordViewController.swift */,
				86C9DF1325F9141B00E58895 /* SettingViewController.swift */,
				865490D225E2360F006C8354 /* SingUpViewController.swift */,
				8654916325E5FCF6006C8354 /* LoginViewController.swift */,
				864738EB25FBA50C00D7CDC6 /* chatroomSettingViewController.swift */,
			);
			path = Controller;
			sourceTree = "<group>";
		};
		86F924FF25DF7C3D00A91DEB /* Storyboard */ = {
			isa = PBXGroup;
			children = (
				86F924F025DF755D00A91DEB /* Home.storyboard */,
				865490CF25E23298006C8354 /* SingUp.storyboard */,
				8654916025E5FB21006C8354 /* Login.storyboard */,
				86DEF4C325EF82670051DB7A /* Record.storyboard */,
				86A2AA6325F5E69800646C80 /* MorningChuck.storyboard */,
				86C9DF1625F9144800E58895 /* Setting.storyboard */,
			);
			path = Storyboard;
			sourceTree = "<group>";
		};
/* End PBXGroup section */

/* Begin PBXNativeTarget section */
		86F924CE25DF6CC800A91DEB /* MorningApp */ = {
			isa = PBXNativeTarget;
			buildConfigurationList = 86F924E325DF6CC900A91DEB /* Build configuration list for PBXNativeTarget "MorningApp" */;
			buildPhases = (
				DE9D3FAC74EB493B2092E34A /* [CP] Check Pods Manifest.lock */,
				86F924CB25DF6CC800A91DEB /* Sources */,
				86F924CC25DF6CC800A91DEB /* Frameworks */,
				86F924CD25DF6CC800A91DEB /* Resources */,
				F612BD1385CDBD95C021CCE6 /* [CP] Embed Pods Frameworks */,
			);
			buildRules = (
			);
			dependencies = (
			);
			name = MorningApp;
			productName = MorningApp;
			productReference = 86F924CF25DF6CC800A91DEB /* MorningApp.app */;
			productType = "com.apple.product-type.application";
		};
/* End PBXNativeTarget section */

/* Begin PBXProject section */
		86F924C725DF6CC800A91DEB /* Project object */ = {
			isa = PBXProject;
			attributes = {
				LastSwiftUpdateCheck = 1240;
				LastUpgradeCheck = 1240;
				TargetAttributes = {
					86F924CE25DF6CC800A91DEB = {
						CreatedOnToolsVersion = 12.4;
					};
				};
			};
			buildConfigurationList = 86F924CA25DF6CC800A91DEB /* Build configuration list for PBXProject "MorningApp" */;
			compatibilityVersion = "Xcode 9.3";
			developmentRegion = en;
			hasScannedForEncodings = 0;
			knownRegions = (
				en,
				Base,
			);
			mainGroup = 86F924C625DF6CC800A91DEB;
			productRefGroup = 86F924D025DF6CC800A91DEB /* Products */;
			projectDirPath = "";
			projectRoot = "";
			targets = (
				86F924CE25DF6CC800A91DEB /* MorningApp */,
			);
		};
/* End PBXProject section */

/* Begin PBXResourcesBuildPhase section */
		86F924CD25DF6CC800A91DEB /* Resources */ = {
			isa = PBXResourcesBuildPhase;
			buildActionMask = 2147483647;
			files = (
				86DEF4A925EE3AA30051DB7A /* menuMemberTableViewCell.xib in Resources */,
				86F924F125DF755D00A91DEB /* Home.storyboard in Resources */,
				86F924DF25DF6CC900A91DEB /* LaunchScreen.storyboard in Resources */,
				86F9250325DF82BA00A91DEB /* HomeTableViewCell.xib in Resources */,
				86F924DC25DF6CC900A91DEB /* Assets.xcassets in Resources */,
				865490D025E23298006C8354 /* SingUp.storyboard in Resources */,
				865491D525E75E9A006C8354 /* MorningTableViewCell.xib in Resources */,
				8654906D25E22B6D006C8354 /* GoogleService-Info.plist in Resources */,
				8654906625E0D697006C8354 /* ChatInputAccessoryView.xib in Resources */,
				8654916125E5FB21006C8354 /* Login.storyboard in Resources */,
				86A2AA6425F5E69800646C80 /* MorningChuck.storyboard in Resources */,
				86DEF4C425EF82670051DB7A /* Record.storyboard in Resources */,
				86C9DF1725F9144800E58895 /* Setting.storyboard in Resources */,
			);
			runOnlyForDeploymentPostprocessing = 0;
		};
/* End PBXResourcesBuildPhase section */

/* Begin PBXShellScriptBuildPhase section */
		DE9D3FAC74EB493B2092E34A /* [CP] Check Pods Manifest.lock */ = {
			isa = PBXShellScriptBuildPhase;
			buildActionMask = 2147483647;
			files = (
			);
			inputFileListPaths = (
			);
			inputPaths = (
				"${PODS_PODFILE_DIR_PATH}/Podfile.lock",
				"${PODS_ROOT}/Manifest.lock",
			);
			name = "[CP] Check Pods Manifest.lock";
			outputFileListPaths = (
			);
			outputPaths = (
				"$(DERIVED_FILE_DIR)/Pods-MorningApp-checkManifestLockResult.txt",
			);
			runOnlyForDeploymentPostprocessing = 0;
			shellPath = /bin/sh;
			shellScript = "diff \"${PODS_PODFILE_DIR_PATH}/Podfile.lock\" \"${PODS_ROOT}/Manifest.lock\" > /dev/null\nif [ $? != 0 ] ; then\n    # print error to STDERR\n    echo \"error: The sandbox is not in sync with the Podfile.lock. Run 'pod install' or update your CocoaPods installation.\" >&2\n    exit 1\nfi\n# This output is used by Xcode 'outputs' to avoid re-running this script phase.\necho \"SUCCESS\" > \"${SCRIPT_OUTPUT_FILE_0}\"\n";
			showEnvVarsInLog = 0;
		};
		F612BD1385CDBD95C021CCE6 /* [CP] Embed Pods Frameworks */ = {
			isa = PBXShellScriptBuildPhase;
			buildActionMask = 2147483647;
			files = (
			);
			inputFileListPaths = (
				"${PODS_ROOT}/Target Support Files/Pods-MorningApp/Pods-MorningApp-frameworks-${CONFIGURATION}-input-files.xcfilelist",
			);
			name = "[CP] Embed Pods Frameworks";
			outputFileListPaths = (
				"${PODS_ROOT}/Target Support Files/Pods-MorningApp/Pods-MorningApp-frameworks-${CONFIGURATION}-output-files.xcfilelist",
			);
			runOnlyForDeploymentPostprocessing = 0;
			shellPath = /bin/sh;
			shellScript = "\"${PODS_ROOT}/Target Support Files/Pods-MorningApp/Pods-MorningApp-frameworks.sh\"\n";
			showEnvVarsInLog = 0;
		};
/* End PBXShellScriptBuildPhase section */

/* Begin PBXSourcesBuildPhase section */
		86F924CB25DF6CC800A91DEB /* Sources */ = {
			isa = PBXSourcesBuildPhase;
			buildActionMask = 2147483647;
			files = (
				865491D425E75E9A006C8354 /* MorningTableViewCell.swift in Sources */,
				86DEF4A825EE3AA20051DB7A /* menuMemberTableViewCell.swift in Sources */,
				8654916425E5FCF6006C8354 /* LoginViewController.swift in Sources */,
				86DEF4C125EF82200051DB7A /* RecordViewController.swift in Sources */,
				86F9250B25DF8A4400A91DEB /* UIColer-Extention.swift in Sources */,
				86C9DF1425F9141B00E58895 /* SettingViewController.swift in Sources */,
				864738F025FC5C7400D7CDC6 /* Group.swift in Sources */,
				86F924D725DF6CC800A91DEB /* HomeViewController.swift in Sources */,
				865490D325E2360F006C8354 /* SingUpViewController.swift in Sources */,
				86DEF49E25ED2C770051DB7A /* menuViewController.swift in Sources */,
				86F9250625DF845D00A91DEB /* HomeTableViewCell.swift in Sources */,
				864738EC25FBA50C00D7CDC6 /* chatroomSettingViewController.swift in Sources */,
				8654906925E0D84D006C8354 /* ChatInputAccessory.swift in Sources */,
				8654915E25E4138C006C8354 /* Chatroom.swift in Sources */,
				86F924D325DF6CC800A91DEB /* AppDelegate.swift in Sources */,
				865490DF25E3B5A7006C8354 /* User.swift in Sources */,
				86A2AA6125F5E64300646C80 /* MorningChuckViewController.swift in Sources */,
				86F924D525DF6CC800A91DEB /* SceneDelegate.swift in Sources */,
				865490DC25E36F47006C8354 /* Const.swift in Sources */,
			);
			runOnlyForDeploymentPostprocessing = 0;
		};
/* End PBXSourcesBuildPhase section */

/* Begin PBXVariantGroup section */
		86F924DD25DF6CC900A91DEB /* LaunchScreen.storyboard */ = {
			isa = PBXVariantGroup;
			children = (
				86F924DE25DF6CC900A91DEB /* Base */,
			);
			name = LaunchScreen.storyboard;
			sourceTree = "<group>";
		};
/* End PBXVariantGroup section */

/* Begin XCBuildConfiguration section */
		86F924E125DF6CC900A91DEB /* Debug */ = {
			isa = XCBuildConfiguration;
			buildSettings = {
				ALWAYS_SEARCH_USER_PATHS = NO;
				CLANG_ANALYZER_NONNULL = YES;
				CLANG_ANALYZER_NUMBER_OBJECT_CONVERSION = YES_AGGRESSIVE;
				CLANG_CXX_LANGUAGE_STANDARD = "gnu++14";
				CLANG_CXX_LIBRARY = "libc++";
				CLANG_ENABLE_MODULES = YES;
				CLANG_ENABLE_OBJC_ARC = YES;
				CLANG_ENABLE_OBJC_WEAK = YES;
				CLANG_WARN_BLOCK_CAPTURE_AUTORELEASING = YES;
				CLANG_WARN_BOOL_CONVERSION = YES;
				CLANG_WARN_COMMA = YES;
				CLANG_WARN_CONSTANT_CONVERSION = YES;
				CLANG_WARN_DEPRECATED_OBJC_IMPLEMENTATIONS = YES;
				CLANG_WARN_DIRECT_OBJC_ISA_USAGE = YES_ERROR;
				CLANG_WARN_DOCUMENTATION_COMMENTS = YES;
				CLANG_WARN_EMPTY_BODY = YES;
				CLANG_WARN_ENUM_CONVERSION = YES;
				CLANG_WARN_INFINITE_RECURSION = YES;
				CLANG_WARN_INT_CONVERSION = YES;
				CLANG_WARN_NON_LITERAL_NULL_CONVERSION = YES;
				CLANG_WARN_OBJC_IMPLICIT_RETAIN_SELF = YES;
				CLANG_WARN_OBJC_LITERAL_CONVERSION = YES;
				CLANG_WARN_OBJC_ROOT_CLASS = YES_ERROR;
				CLANG_WARN_QUOTED_INCLUDE_IN_FRAMEWORK_HEADER = YES;
				CLANG_WARN_RANGE_LOOP_ANALYSIS = YES;
				CLANG_WARN_STRICT_PROTOTYPES = YES;
				CLANG_WARN_SUSPICIOUS_MOVE = YES;
				CLANG_WARN_UNGUARDED_AVAILABILITY = YES_AGGRESSIVE;
				CLANG_WARN_UNREACHABLE_CODE = YES;
				CLANG_WARN__DUPLICATE_METHOD_MATCH = YES;
				COPY_PHASE_STRIP = NO;
				DEBUG_INFORMATION_FORMAT = dwarf;
				ENABLE_STRICT_OBJC_MSGSEND = YES;
				ENABLE_TESTABILITY = YES;
				GCC_C_LANGUAGE_STANDARD = gnu11;
				GCC_DYNAMIC_NO_PIC = NO;
				GCC_NO_COMMON_BLOCKS = YES;
				GCC_OPTIMIZATION_LEVEL = 0;
				GCC_PREPROCESSOR_DEFINITIONS = (
					"DEBUG=1",
					"$(inherited)",
				);
				GCC_WARN_64_TO_32_BIT_CONVERSION = YES;
				GCC_WARN_ABOUT_RETURN_TYPE = YES_ERROR;
				GCC_WARN_UNDECLARED_SELECTOR = YES;
				GCC_WARN_UNINITIALIZED_AUTOS = YES_AGGRESSIVE;
				GCC_WARN_UNUSED_FUNCTION = YES;
				GCC_WARN_UNUSED_VARIABLE = YES;
				IPHONEOS_DEPLOYMENT_TARGET = 14.4;
				MTL_ENABLE_DEBUG_INFO = INCLUDE_SOURCE;
				MTL_FAST_MATH = YES;
				ONLY_ACTIVE_ARCH = YES;
				SDKROOT = iphoneos;
				SWIFT_ACTIVE_COMPILATION_CONDITIONS = DEBUG;
				SWIFT_OPTIMIZATION_LEVEL = "-Onone";
			};
			name = Debug;
		};
		86F924E225DF6CC900A91DEB /* Release */ = {
			isa = XCBuildConfiguration;
			buildSettings = {
				ALWAYS_SEARCH_USER_PATHS = NO;
				CLANG_ANALYZER_NONNULL = YES;
				CLANG_ANALYZER_NUMBER_OBJECT_CONVERSION = YES_AGGRESSIVE;
				CLANG_CXX_LANGUAGE_STANDARD = "gnu++14";
				CLANG_CXX_LIBRARY = "libc++";
				CLANG_ENABLE_MODULES = YES;
				CLANG_ENABLE_OBJC_ARC = YES;
				CLANG_ENABLE_OBJC_WEAK = YES;
				CLANG_WARN_BLOCK_CAPTURE_AUTORELEASING = YES;
				CLANG_WARN_BOOL_CONVERSION = YES;
				CLANG_WARN_COMMA = YES;
				CLANG_WARN_CONSTANT_CONVERSION = YES;
				CLANG_WARN_DEPRECATED_OBJC_IMPLEMENTATIONS = YES;
				CLANG_WARN_DIRECT_OBJC_ISA_USAGE = YES_ERROR;
				CLANG_WARN_DOCUMENTATION_COMMENTS = YES;
				CLANG_WARN_EMPTY_BODY = YES;
				CLANG_WARN_ENUM_CONVERSION = YES;
				CLANG_WARN_INFINITE_RECURSION = YES;
				CLANG_WARN_INT_CONVERSION = YES;
				CLANG_WARN_NON_LITERAL_NULL_CONVERSION = YES;
				CLANG_WARN_OBJC_IMPLICIT_RETAIN_SELF = YES;
				CLANG_WARN_OBJC_LITERAL_CONVERSION = YES;
				CLANG_WARN_OBJC_ROOT_CLASS = YES_ERROR;
				CLANG_WARN_QUOTED_INCLUDE_IN_FRAMEWORK_HEADER = YES;
				CLANG_WARN_RANGE_LOOP_ANALYSIS = YES;
				CLANG_WARN_STRICT_PROTOTYPES = YES;
				CLANG_WARN_SUSPICIOUS_MOVE = YES;
				CLANG_WARN_UNGUARDED_AVAILABILITY = YES_AGGRESSIVE;
				CLANG_WARN_UNREACHABLE_CODE = YES;
				CLANG_WARN__DUPLICATE_METHOD_MATCH = YES;
				COPY_PHASE_STRIP = NO;
				DEBUG_INFORMATION_FORMAT = "dwarf-with-dsym";
				ENABLE_NS_ASSERTIONS = NO;
				ENABLE_STRICT_OBJC_MSGSEND = YES;
				GCC_C_LANGUAGE_STANDARD = gnu11;
				GCC_NO_COMMON_BLOCKS = YES;
				GCC_WARN_64_TO_32_BIT_CONVERSION = YES;
				GCC_WARN_ABOUT_RETURN_TYPE = YES_ERROR;
				GCC_WARN_UNDECLARED_SELECTOR = YES;
				GCC_WARN_UNINITIALIZED_AUTOS = YES_AGGRESSIVE;
				GCC_WARN_UNUSED_FUNCTION = YES;
				GCC_WARN_UNUSED_VARIABLE = YES;
				IPHONEOS_DEPLOYMENT_TARGET = 14.4;
				MTL_ENABLE_DEBUG_INFO = NO;
				MTL_FAST_MATH = YES;
				SDKROOT = iphoneos;
				SWIFT_COMPILATION_MODE = wholemodule;
				SWIFT_OPTIMIZATION_LEVEL = "-O";
				VALIDATE_PRODUCT = YES;
			};
			name = Release;
		};
		86F924E425DF6CC900A91DEB /* Debug */ = {
			isa = XCBuildConfiguration;
			baseConfigurationReference = FBADA61F4CCB647718D7324D /* Pods-MorningApp.debug.xcconfig */;
			buildSettings = {
				ASSETCATALOG_COMPILER_APPICON_NAME = AppIcon;
				ASSETCATALOG_COMPILER_GLOBAL_ACCENT_COLOR_NAME = AccentColor;
				CODE_SIGN_STYLE = Automatic;
				DEVELOPMENT_TEAM = CNKXDRW937;
				INFOPLIST_FILE = MorningApp/Info.plist;
				LD_RUNPATH_SEARCH_PATHS = (
					"$(inherited)",
					"@executable_path/Frameworks",
				);
				PRODUCT_BUNDLE_IDENTIFIER = jp.yuya.yamamoto.MorningApp;
				PRODUCT_NAME = "$(TARGET_NAME)";
				SWIFT_VERSION = 5.0;
				TARGETED_DEVICE_FAMILY = 1;
			};
			name = Debug;
		};
		86F924E525DF6CC900A91DEB /* Release */ = {
			isa = XCBuildConfiguration;
			baseConfigurationReference = 8C4223F71264CD87E2F4F2F2 /* Pods-MorningApp.release.xcconfig */;
			buildSettings = {
				ASSETCATALOG_COMPILER_APPICON_NAME = AppIcon;
				ASSETCATALOG_COMPILER_GLOBAL_ACCENT_COLOR_NAME = AccentColor;
				CODE_SIGN_STYLE = Automatic;
				DEVELOPMENT_TEAM = CNKXDRW937;
				INFOPLIST_FILE = MorningApp/Info.plist;
				LD_RUNPATH_SEARCH_PATHS = (
					"$(inherited)",
					"@executable_path/Frameworks",
				);
				PRODUCT_BUNDLE_IDENTIFIER = jp.yuya.yamamoto.MorningApp;
				PRODUCT_NAME = "$(TARGET_NAME)";
				SWIFT_VERSION = 5.0;
				TARGETED_DEVICE_FAMILY = 1;
			};
			name = Release;
		};
/* End XCBuildConfiguration section */

/* Begin XCConfigurationList section */
		86F924CA25DF6CC800A91DEB /* Build configuration list for PBXProject "MorningApp" */ = {
			isa = XCConfigurationList;
			buildConfigurations = (
				86F924E125DF6CC900A91DEB /* Debug */,
				86F924E225DF6CC900A91DEB /* Release */,
			);
			defaultConfigurationIsVisible = 0;
			defaultConfigurationName = Release;
		};
		86F924E325DF6CC900A91DEB /* Build configuration list for PBXNativeTarget "MorningApp" */ = {
			isa = XCConfigurationList;
			buildConfigurations = (
				86F924E425DF6CC900A91DEB /* Debug */,
				86F924E525DF6CC900A91DEB /* Release */,
			);
			defaultConfigurationIsVisible = 0;
			defaultConfigurationName = Release;
		};
/* End XCConfigurationList section */
	};
	rootObject = 86F924C725DF6CC800A91DEB /* Project object */;
}
